
Microsoft Visual Studio Solution File, Format Version 12.00
# Visual Studio Version 16
VisualStudioVersion = 16.0.30709.132
MinimumVisualStudioVersion = 10.0.40219.1
Project("{FAE04EC0-301F-11D3-BF4B-00C04F79EFBC}") = "Day9", "Day9\Day9.csproj", "{CFD70827-A7C0-4C97-BCD8-5C7F2F701DF5}"
EndProject
Global
	GlobalSection(SolutionConfigurationPlatforms) = preSolution
		Debug|Any CPU = Debug|Any CPU
		Release|Any CPU = Release|Any CPU
	EndGlobalSection
	GlobalSection(ProjectConfigurationPlatforms) = postSolution
		{CFD70827-A7C0-4C97-BCD8-5C7F2F701DF5}.Debug|Any CPU.ActiveCfg = Debug|Any CPU
		{CFD70827-A7C0-4C97-BCD8-5C7F2F701DF5}.Debug|Any CPU.Build.0 = Debug|Any CPU
		{CFD70827-A7C0-4C97-BCD8-5C7F2F701DF5}.Release|Any CPU.ActiveCfg = Release|Any CPU
		{CFD70827-A7C0-4C97-BCD8-5C7F2F701DF5}.Release|Any CPU.Build.0 = Release|Any CPU
	EndGlobalSection
	GlobalSection(SolutionProperties) = preSolution
		HideSolutionNode = FALSE
	EndGlobalSection
	GlobalSection(ExtensibilityGlobals) = postSolution
		SolutionGuid = {324588C0-34D0-4211-819A-788F2D75B149}
	EndGlobalSection
EndGlobal
